
Microsoft Visual Studio Solution File, Format Version 12.00
# Visual Studio 15
VisualStudioVersion = 15.0.26430.15
MinimumVisualStudioVersion = 10.0.40219.1
Project("{FAE04EC0-301F-11D3-BF4B-00C04F79EFBC}") = "task1", "homework\task1\task1.csproj", "{E16D5CD4-6B0B-4850-A557-C314A402936F}"
EndProject
Project("{2150E333-8FDC-42A3-9474-1A3956D46DE8}") = "Homeworks", "Homeworks", "{97BD5D9C-0F2A-4ECA-AEED-EFE7756343F5}"
EndProject
Project("{FAE04EC0-301F-11D3-BF4B-00C04F79EFBC}") = "task2", "homework\task2\task2.csproj", "{62F2EBC0-A8CF-412E-8C6F-3C92A50396CD}"
EndProject
Project("{FAE04EC0-301F-11D3-BF4B-00C04F79EFBC}") = "task3", "homework\task3\task3.csproj", "{39B64C08-1621-4B6E-887A-37E3AC001B09}"
EndProject
Project("{FAE04EC0-301F-11D3-BF4B-00C04F79EFBC}") = "task4", "homework\task4\task4.csproj", "{E4B32AEB-87B7-4ED6-9489-6A0EABECCDA5}"
EndProject
Project("{FAE04EC0-301F-11D3-BF4B-00C04F79EFBC}") = "task5", "homework\task5\task5.csproj", "{E235DAA2-4789-4E7A-8AE6-1E0E07020E95}"
EndProject
Project("{FAE04EC0-301F-11D3-BF4B-00C04F79EFBC}") = "task6", "homework\task6\task6.csproj", "{3E00BA29-87EA-43B9-8966-63C0F41ABBCF}"
EndProject
Project("{FAE04EC0-301F-11D3-BF4B-00C04F79EFBC}") = "task7", "homework\task7\task7.csproj", "{4ACB7240-A768-455F-A246-397C4B23A2E5}"
EndProject
Project("{FAE04EC0-301F-11D3-BF4B-00C04F79EFBC}") = "task8", "homework\task8\task8.csproj", "{9DF07571-F8B9-4765-8C35-31DD28F2AE18}"
EndProject
Project("{FAE04EC0-301F-11D3-BF4B-00C04F79EFBC}") = "task9", "homework\task9\task9.csproj", "{860427A0-E909-474D-AB5D-4086DEAD9D01}"
EndProject
Project("{FAE04EC0-301F-11D3-BF4B-00C04F79EFBC}") = "task10", "homework\task10\task10.csproj", "{72B464FD-D09D-45A2-96FC-540738992345}"
EndProject
Project("{2150E333-8FDC-42A3-9474-1A3956D46DE8}") = "Practicalwork", "Practicalwork", "{9ECC47AF-E2D8-4729-99AF-47A76B741E1D}"
EndProject
Project("{FAE04EC0-301F-11D3-BF4B-00C04F79EFBC}") = "pr13071", "practicalwork\pr1307\pr13071.csproj", "{C93E16C2-5E3B-4163-A629-7D7D771CB0D0}"
EndProject
Project("{FAE04EC0-301F-11D3-BF4B-00C04F79EFBC}") = "pr13072", "practicalwork\pr13072\pr13072.csproj", "{F72914C9-B64B-4848-86D8-BAE70F386C9B}"
EndProject
Project("{FAE04EC0-301F-11D3-BF4B-00C04F79EFBC}") = "pr13073", "practicalwork\pr13073\pr13073.csproj", "{157E5A0A-9271-4390-BB99-2579DE686FA8}"
EndProject
Project("{FAE04EC0-301F-11D3-BF4B-00C04F79EFBC}") = "pr13074", "practicalwork\pr13074\pr13074.csproj", "{6E272482-CFB8-4E92-ADA5-39EF52507828}"
EndProject
Project("{FAE04EC0-301F-11D3-BF4B-00C04F79EFBC}") = "pr13075", "practicalwork\pr13075\pr13075.csproj", "{D82B92D4-D091-4177-9CB8-2734D0DAA4EE}"
EndProject
Project("{FAE04EC0-301F-11D3-BF4B-00C04F79EFBC}") = "pr13076", "practicalwork\pr13076\pr13076.csproj", "{2098091D-8FE3-41B5-AF72-3B9BAE670CF5}"
EndProject
Project("{FAE04EC0-301F-11D3-BF4B-00C04F79EFBC}") = "pr13077", "practicalwork\pr13077\pr13077.csproj", "{1E35403D-38CC-49E5-886E-C282B74789DC}"
EndProject
Project("{FAE04EC0-301F-11D3-BF4B-00C04F79EFBC}") = "pr13078", "practicalwork\pr13078\pr13078.csproj", "{742A95B9-74F7-4338-BEAE-4AD515E77B3B}"
EndProject
Global
	GlobalSection(SolutionConfigurationPlatforms) = preSolution
		Debug|Any CPU = Debug|Any CPU
		Release|Any CPU = Release|Any CPU
	EndGlobalSection
	GlobalSection(ProjectConfigurationPlatforms) = postSolution
		{E16D5CD4-6B0B-4850-A557-C314A402936F}.Debug|Any CPU.ActiveCfg = Debug|Any CPU
		{E16D5CD4-6B0B-4850-A557-C314A402936F}.Debug|Any CPU.Build.0 = Debug|Any CPU
		{E16D5CD4-6B0B-4850-A557-C314A402936F}.Release|Any CPU.ActiveCfg = Release|Any CPU
		{E16D5CD4-6B0B-4850-A557-C314A402936F}.Release|Any CPU.Build.0 = Release|Any CPU
		{62F2EBC0-A8CF-412E-8C6F-3C92A50396CD}.Debug|Any CPU.ActiveCfg = Debug|Any CPU
		{62F2EBC0-A8CF-412E-8C6F-3C92A50396CD}.Debug|Any CPU.Build.0 = Debug|Any CPU
		{62F2EBC0-A8CF-412E-8C6F-3C92A50396CD}.Release|Any CPU.ActiveCfg = Release|Any CPU
		{62F2EBC0-A8CF-412E-8C6F-3C92A50396CD}.Release|Any CPU.Build.0 = Release|Any CPU
		{39B64C08-1621-4B6E-887A-37E3AC001B09}.Debug|Any CPU.ActiveCfg = Debug|Any CPU
		{39B64C08-1621-4B6E-887A-37E3AC001B09}.Debug|Any CPU.Build.0 = Debug|Any CPU
		{39B64C08-1621-4B6E-887A-37E3AC001B09}.Release|Any CPU.ActiveCfg = Release|Any CPU
		{39B64C08-1621-4B6E-887A-37E3AC001B09}.Release|Any CPU.Build.0 = Release|Any CPU
		{E4B32AEB-87B7-4ED6-9489-6A0EABECCDA5}.Debug|Any CPU.ActiveCfg = Debug|Any CPU
		{E4B32AEB-87B7-4ED6-9489-6A0EABECCDA5}.Debug|Any CPU.Build.0 = Debug|Any CPU
		{E4B32AEB-87B7-4ED6-9489-6A0EABECCDA5}.Release|Any CPU.ActiveCfg = Release|Any CPU
		{E4B32AEB-87B7-4ED6-9489-6A0EABECCDA5}.Release|Any CPU.Build.0 = Release|Any CPU
		{E235DAA2-4789-4E7A-8AE6-1E0E07020E95}.Debug|Any CPU.ActiveCfg = Debug|Any CPU
		{E235DAA2-4789-4E7A-8AE6-1E0E07020E95}.Debug|Any CPU.Build.0 = Debug|Any CPU
		{E235DAA2-4789-4E7A-8AE6-1E0E07020E95}.Release|Any CPU.ActiveCfg = Release|Any CPU
		{E235DAA2-4789-4E7A-8AE6-1E0E07020E95}.Release|Any CPU.Build.0 = Release|Any CPU
		{3E00BA29-87EA-43B9-8966-63C0F41ABBCF}.Debug|Any CPU.ActiveCfg = Debug|Any CPU
		{3E00BA29-87EA-43B9-8966-63C0F41ABBCF}.Debug|Any CPU.Build.0 = Debug|Any CPU
		{3E00BA29-87EA-43B9-8966-63C0F41ABBCF}.Release|Any CPU.ActiveCfg = Release|Any CPU
		{3E00BA29-87EA-43B9-8966-63C0F41ABBCF}.Release|Any CPU.Build.0 = Release|Any CPU
		{4ACB7240-A768-455F-A246-397C4B23A2E5}.Debug|Any CPU.ActiveCfg = Debug|Any CPU
		{4ACB7240-A768-455F-A246-397C4B23A2E5}.Debug|Any CPU.Build.0 = Debug|Any CPU
		{4ACB7240-A768-455F-A246-397C4B23A2E5}.Release|Any CPU.ActiveCfg = Release|Any CPU
		{4ACB7240-A768-455F-A246-397C4B23A2E5}.Release|Any CPU.Build.0 = Release|Any CPU
		{9DF07571-F8B9-4765-8C35-31DD28F2AE18}.Debug|Any CPU.ActiveCfg = Debug|Any CPU
		{9DF07571-F8B9-4765-8C35-31DD28F2AE18}.Debug|Any CPU.Build.0 = Debug|Any CPU
		{9DF07571-F8B9-4765-8C35-31DD28F2AE18}.Release|Any CPU.ActiveCfg = Release|Any CPU
		{9DF07571-F8B9-4765-8C35-31DD28F2AE18}.Release|Any CPU.Build.0 = Release|Any CPU
		{860427A0-E909-474D-AB5D-4086DEAD9D01}.Debug|Any CPU.ActiveCfg = Debug|Any CPU
		{860427A0-E909-474D-AB5D-4086DEAD9D01}.Debug|Any CPU.Build.0 = Debug|Any CPU
		{860427A0-E909-474D-AB5D-4086DEAD9D01}.Release|Any CPU.ActiveCfg = Release|Any CPU
		{860427A0-E909-474D-AB5D-4086DEAD9D01}.Release|Any CPU.Build.0 = Release|Any CPU
		{72B464FD-D09D-45A2-96FC-540738992345}.Debug|Any CPU.ActiveCfg = Debug|Any CPU
		{72B464FD-D09D-45A2-96FC-540738992345}.Debug|Any CPU.Build.0 = Debug|Any CPU
		{72B464FD-D09D-45A2-96FC-540738992345}.Release|Any CPU.ActiveCfg = Release|Any CPU
		{72B464FD-D09D-45A2-96FC-540738992345}.Release|Any CPU.Build.0 = Release|Any CPU
		{C93E16C2-5E3B-4163-A629-7D7D771CB0D0}.Debug|Any CPU.ActiveCfg = Debug|Any CPU
		{C93E16C2-5E3B-4163-A629-7D7D771CB0D0}.Debug|Any CPU.Build.0 = Debug|Any CPU
		{C93E16C2-5E3B-4163-A629-7D7D771CB0D0}.Release|Any CPU.ActiveCfg = Release|Any CPU
		{C93E16C2-5E3B-4163-A629-7D7D771CB0D0}.Release|Any CPU.Build.0 = Release|Any CPU
		{F72914C9-B64B-4848-86D8-BAE70F386C9B}.Debug|Any CPU.ActiveCfg = Debug|Any CPU
		{F72914C9-B64B-4848-86D8-BAE70F386C9B}.Debug|Any CPU.Build.0 = Debug|Any CPU
		{F72914C9-B64B-4848-86D8-BAE70F386C9B}.Release|Any CPU.ActiveCfg = Release|Any CPU
		{F72914C9-B64B-4848-86D8-BAE70F386C9B}.Release|Any CPU.Build.0 = Release|Any CPU
		{157E5A0A-9271-4390-BB99-2579DE686FA8}.Debug|Any CPU.ActiveCfg = Debug|Any CPU
		{157E5A0A-9271-4390-BB99-2579DE686FA8}.Debug|Any CPU.Build.0 = Debug|Any CPU
		{157E5A0A-9271-4390-BB99-2579DE686FA8}.Release|Any CPU.ActiveCfg = Release|Any CPU
		{157E5A0A-9271-4390-BB99-2579DE686FA8}.Release|Any CPU.Build.0 = Release|Any CPU
		{6E272482-CFB8-4E92-ADA5-39EF52507828}.Debug|Any CPU.ActiveCfg = Debug|Any CPU
		{6E272482-CFB8-4E92-ADA5-39EF52507828}.Debug|Any CPU.Build.0 = Debug|Any CPU
		{6E272482-CFB8-4E92-ADA5-39EF52507828}.Release|Any CPU.ActiveCfg = Release|Any CPU
		{6E272482-CFB8-4E92-ADA5-39EF52507828}.Release|Any CPU.Build.0 = Release|Any CPU
		{D82B92D4-D091-4177-9CB8-2734D0DAA4EE}.Debug|Any CPU.ActiveCfg = Debug|Any CPU
		{D82B92D4-D091-4177-9CB8-2734D0DAA4EE}.Debug|Any CPU.Build.0 = Debug|Any CPU
		{D82B92D4-D091-4177-9CB8-2734D0DAA4EE}.Release|Any CPU.ActiveCfg = Release|Any CPU
		{D82B92D4-D091-4177-9CB8-2734D0DAA4EE}.Release|Any CPU.Build.0 = Release|Any CPU
		{2098091D-8FE3-41B5-AF72-3B9BAE670CF5}.Debug|Any CPU.ActiveCfg = Debug|Any CPU
		{2098091D-8FE3-41B5-AF72-3B9BAE670CF5}.Debug|Any CPU.Build.0 = Debug|Any CPU
		{2098091D-8FE3-41B5-AF72-3B9BAE670CF5}.Release|Any CPU.ActiveCfg = Release|Any CPU
		{2098091D-8FE3-41B5-AF72-3B9BAE670CF5}.Release|Any CPU.Build.0 = Release|Any CPU
		{1E35403D-38CC-49E5-886E-C282B74789DC}.Debug|Any CPU.ActiveCfg = Debug|Any CPU
		{1E35403D-38CC-49E5-886E-C282B74789DC}.Debug|Any CPU.Build.0 = Debug|Any CPU
		{1E35403D-38CC-49E5-886E-C282B74789DC}.Release|Any CPU.ActiveCfg = Release|Any CPU
		{1E35403D-38CC-49E5-886E-C282B74789DC}.Release|Any CPU.Build.0 = Release|Any CPU
		{742A95B9-74F7-4338-BEAE-4AD515E77B3B}.Debug|Any CPU.ActiveCfg = Debug|Any CPU
		{742A95B9-74F7-4338-BEAE-4AD515E77B3B}.Debug|Any CPU.Build.0 = Debug|Any CPU
		{742A95B9-74F7-4338-BEAE-4AD515E77B3B}.Release|Any CPU.ActiveCfg = Release|Any CPU
		{742A95B9-74F7-4338-BEAE-4AD515E77B3B}.Release|Any CPU.Build.0 = Release|Any CPU
	EndGlobalSection
	GlobalSection(SolutionProperties) = preSolution
		HideSolutionNode = FALSE
	EndGlobalSection
	GlobalSection(NestedProjects) = preSolution
		{E16D5CD4-6B0B-4850-A557-C314A402936F} = {97BD5D9C-0F2A-4ECA-AEED-EFE7756343F5}
		{62F2EBC0-A8CF-412E-8C6F-3C92A50396CD} = {97BD5D9C-0F2A-4ECA-AEED-EFE7756343F5}
		{39B64C08-1621-4B6E-887A-37E3AC001B09} = {97BD5D9C-0F2A-4ECA-AEED-EFE7756343F5}
		{E4B32AEB-87B7-4ED6-9489-6A0EABECCDA5} = {97BD5D9C-0F2A-4ECA-AEED-EFE7756343F5}
		{E235DAA2-4789-4E7A-8AE6-1E0E07020E95} = {97BD5D9C-0F2A-4ECA-AEED-EFE7756343F5}
		{3E00BA29-87EA-43B9-8966-63C0F41ABBCF} = {97BD5D9C-0F2A-4ECA-AEED-EFE7756343F5}
		{4ACB7240-A768-455F-A246-397C4B23A2E5} = {97BD5D9C-0F2A-4ECA-AEED-EFE7756343F5}
		{9DF07571-F8B9-4765-8C35-31DD28F2AE18} = {97BD5D9C-0F2A-4ECA-AEED-EFE7756343F5}
		{860427A0-E909-474D-AB5D-4086DEAD9D01} = {97BD5D9C-0F2A-4ECA-AEED-EFE7756343F5}
		{72B464FD-D09D-45A2-96FC-540738992345} = {97BD5D9C-0F2A-4ECA-AEED-EFE7756343F5}
		{C93E16C2-5E3B-4163-A629-7D7D771CB0D0} = {9ECC47AF-E2D8-4729-99AF-47A76B741E1D}
		{F72914C9-B64B-4848-86D8-BAE70F386C9B} = {9ECC47AF-E2D8-4729-99AF-47A76B741E1D}
		{157E5A0A-9271-4390-BB99-2579DE686FA8} = {9ECC47AF-E2D8-4729-99AF-47A76B741E1D}
		{6E272482-CFB8-4E92-ADA5-39EF52507828} = {9ECC47AF-E2D8-4729-99AF-47A76B741E1D}
		{D82B92D4-D091-4177-9CB8-2734D0DAA4EE} = {9ECC47AF-E2D8-4729-99AF-47A76B741E1D}
		{2098091D-8FE3-41B5-AF72-3B9BAE670CF5} = {9ECC47AF-E2D8-4729-99AF-47A76B741E1D}
		{1E35403D-38CC-49E5-886E-C282B74789DC} = {9ECC47AF-E2D8-4729-99AF-47A76B741E1D}
		{742A95B9-74F7-4338-BEAE-4AD515E77B3B} = {9ECC47AF-E2D8-4729-99AF-47A76B741E1D}
	EndGlobalSection
EndGlobal
